
Microsoft Visual Studio Solution File, Format Version 12.00
# Visual Studio Version 17
VisualStudioVersion = 17.11.35327.3
MinimumVisualStudioVersion = 10.0.40219.1
Project("{FAE04EC0-301F-11D3-BF4B-00C04F79EFBC}") = "kartkowka04", "kartkowka04\kartkowka04.csproj", "{C9A7E776-4322-450A-9A05-1E2A0381BE1D}"
EndProject
Global
	GlobalSection(SolutionConfigurationPlatforms) = preSolution
		Debug|Any CPU = Debug|Any CPU
		Release|Any CPU = Release|Any CPU
	EndGlobalSection
	GlobalSection(ProjectConfigurationPlatforms) = postSolution
		{C9A7E776-4322-450A-9A05-1E2A0381BE1D}.Debug|Any CPU.ActiveCfg = Debug|Any CPU
		{C9A7E776-4322-450A-9A05-1E2A0381BE1D}.Debug|Any CPU.Build.0 = Debug|Any CPU
		{C9A7E776-4322-450A-9A05-1E2A0381BE1D}.Release|Any CPU.ActiveCfg = Release|Any CPU
		{C9A7E776-4322-450A-9A05-1E2A0381BE1D}.Release|Any CPU.Build.0 = Release|Any CPU
	EndGlobalSection
	GlobalSection(SolutionProperties) = preSolution
		HideSolutionNode = FALSE
	EndGlobalSection
	GlobalSection(ExtensibilityGlobals) = postSolution
		SolutionGuid = {5366AA4B-0E33-4842-B5FE-58B129519BCF}
	EndGlobalSection
EndGlobal
